
Microsoft Visual Studio Solution File, Format Version 12.00
# Visual Studio Version 17
VisualStudioVersion = 17.6.33723.286
MinimumVisualStudioVersion = 10.0.40219.1
Project("{FAE04EC0-301F-11D3-BF4B-00C04F79EFBC}") = "CodeCoverageTool", "CodeCoverageTool\CodeCoverageTool.csproj", "{9D8C65B9-097C-4213-A5DB-EAAD5A3480F4}"
EndProject
Project("{FAE04EC0-301F-11D3-BF4B-00C04F79EFBC}") = "CodecoverageTool.Test", "CodecoverageTool.Test\CodecoverageTool.Test.csproj", "{FF26B97A-37CA-4DDA-A957-F3D50CB32027}"
EndProject
Global
	GlobalSection(SolutionConfigurationPlatforms) = preSolution
		Debug|Any CPU = Debug|Any CPU
		Release|Any CPU = Release|Any CPU
	EndGlobalSection
	GlobalSection(ProjectConfigurationPlatforms) = postSolution
		{9D8C65B9-097C-4213-A5DB-EAAD5A3480F4}.Debug|Any CPU.ActiveCfg = Debug|Any CPU
		{9D8C65B9-097C-4213-A5DB-EAAD5A3480F4}.Debug|Any CPU.Build.0 = Debug|Any CPU
		{9D8C65B9-097C-4213-A5DB-EAAD5A3480F4}.Release|Any CPU.ActiveCfg = Release|Any CPU
		{9D8C65B9-097C-4213-A5DB-EAAD5A3480F4}.Release|Any CPU.Build.0 = Release|Any CPU
		{FF26B97A-37CA-4DDA-A957-F3D50CB32027}.Debug|Any CPU.ActiveCfg = Debug|Any CPU
		{FF26B97A-37CA-4DDA-A957-F3D50CB32027}.Debug|Any CPU.Build.0 = Debug|Any CPU
		{FF26B97A-37CA-4DDA-A957-F3D50CB32027}.Release|Any CPU.ActiveCfg = Release|Any CPU
		{FF26B97A-37CA-4DDA-A957-F3D50CB32027}.Release|Any CPU.Build.0 = Release|Any CPU
	EndGlobalSection
	GlobalSection(SolutionProperties) = preSolution
		HideSolutionNode = FALSE
	EndGlobalSection
	GlobalSection(ExtensibilityGlobals) = postSolution
		SolutionGuid = {1F9E0711-B855-414C-B117-AF2C1347789E}
	EndGlobalSection
EndGlobal
